
Microsoft Visual Studio Solution File, Format Version 12.00
Project("{FAE04EC0-301F-11D3-BF4B-00C04F79EFBC}") = "TbdDevelop.Mediator.Saga.Generators", "src\TbdDevelop.Mediator.Saga.Generators\TbdDevelop.Mediator.Saga.Generators.csproj", "{B9D57F6B-8E32-4FC1-B5CC-314BD7AEBA2B}"
EndProject
Project("{FAE04EC0-301F-11D3-BF4B-00C04F79EFBC}") = "TbdDevelop.Mediator.Sagas", "src\TbdDevelop.Mediator.Sagas\TbdDevelop.Mediator.Sagas.csproj", "{1417DC91-DE65-4279-BCE7-6FC6952123B3}"
EndProject
Project("{FAE04EC0-301F-11D3-BF4B-00C04F79EFBC}") = "TbdDevelop.Mediator.Sagas.SqlServer", "src\TbdDevelop.Mediator.Sagas.SqlServer\TbdDevelop.Mediator.Sagas.SqlServer.csproj", "{F32EED7A-0314-4CED-8E6F-1715790C401A}"
EndProject
Project("{2150E333-8FDC-42A3-9474-1A3956D46DE8}") = "Tests", "Tests", "{1E7C0BE5-45AB-4872-8E55-2E1C974BDC4F}"
EndProject
Project("{FAE04EC0-301F-11D3-BF4B-00C04F79EFBC}") = "TbdDevelop.Mediator.Saga.Generators.Tests", "tests\TbdDevelop.Mediator.Saga.Generators.Tests\TbdDevelop.Mediator.Saga.Generators.Tests.csproj", "{FBD7C32C-46AB-4049-9023-FF5FC92DB3A4}"
EndProject
Global
	GlobalSection(SolutionConfigurationPlatforms) = preSolution
		Debug|Any CPU = Debug|Any CPU
		Release|Any CPU = Release|Any CPU
	EndGlobalSection
	GlobalSection(ProjectConfigurationPlatforms) = postSolution
		{B9D57F6B-8E32-4FC1-B5CC-314BD7AEBA2B}.Debug|Any CPU.ActiveCfg = Debug|Any CPU
		{B9D57F6B-8E32-4FC1-B5CC-314BD7AEBA2B}.Debug|Any CPU.Build.0 = Debug|Any CPU
		{B9D57F6B-8E32-4FC1-B5CC-314BD7AEBA2B}.Release|Any CPU.ActiveCfg = Release|Any CPU
		{B9D57F6B-8E32-4FC1-B5CC-314BD7AEBA2B}.Release|Any CPU.Build.0 = Release|Any CPU
		{1417DC91-DE65-4279-BCE7-6FC6952123B3}.Debug|Any CPU.ActiveCfg = Debug|Any CPU
		{1417DC91-DE65-4279-BCE7-6FC6952123B3}.Debug|Any CPU.Build.0 = Debug|Any CPU
		{1417DC91-DE65-4279-BCE7-6FC6952123B3}.Release|Any CPU.ActiveCfg = Release|Any CPU
		{1417DC91-DE65-4279-BCE7-6FC6952123B3}.Release|Any CPU.Build.0 = Release|Any CPU
		{F32EED7A-0314-4CED-8E6F-1715790C401A}.Debug|Any CPU.ActiveCfg = Debug|Any CPU
		{F32EED7A-0314-4CED-8E6F-1715790C401A}.Debug|Any CPU.Build.0 = Debug|Any CPU
		{F32EED7A-0314-4CED-8E6F-1715790C401A}.Release|Any CPU.ActiveCfg = Release|Any CPU
		{F32EED7A-0314-4CED-8E6F-1715790C401A}.Release|Any CPU.Build.0 = Release|Any CPU
		{FBD7C32C-46AB-4049-9023-FF5FC92DB3A4}.Debug|Any CPU.ActiveCfg = Debug|Any CPU
		{FBD7C32C-46AB-4049-9023-FF5FC92DB3A4}.Debug|Any CPU.Build.0 = Debug|Any CPU
		{FBD7C32C-46AB-4049-9023-FF5FC92DB3A4}.Release|Any CPU.ActiveCfg = Release|Any CPU
		{FBD7C32C-46AB-4049-9023-FF5FC92DB3A4}.Release|Any CPU.Build.0 = Release|Any CPU
	EndGlobalSection
	GlobalSection(NestedProjects) = preSolution
		{FBD7C32C-46AB-4049-9023-FF5FC92DB3A4} = {1E7C0BE5-45AB-4872-8E55-2E1C974BDC4F}
	EndGlobalSection
EndGlobal
